
Microsoft Visual Studio Solution File, Format Version 12.00
# Visual Studio Version 17
VisualStudioVersion = 17.0.31903.59
MinimumVisualStudioVersion = 10.0.40219.1
Project("{FAE04EC0-301F-11D3-BF4B-00C04F79EFBC}") = "homework6_1.Web", "homework6_1.Web\homework6_1.Web.csproj", "{8BF35491-6774-4A59-8841-9A01A77EE7C7}"
EndProject
Project("{FAE04EC0-301F-11D3-BF4B-00C04F79EFBC}") = "homework6_1.Data", "homework6_1.Data\homework6_1.Data.csproj", "{D2458837-FC47-4A01-86DB-296A96292572}"
EndProject
Global
	GlobalSection(SolutionConfigurationPlatforms) = preSolution
		Debug|Any CPU = Debug|Any CPU
		Release|Any CPU = Release|Any CPU
	EndGlobalSection
	GlobalSection(SolutionProperties) = preSolution
		HideSolutionNode = FALSE
	EndGlobalSection
	GlobalSection(ProjectConfigurationPlatforms) = postSolution
		{8BF35491-6774-4A59-8841-9A01A77EE7C7}.Debug|Any CPU.ActiveCfg = Debug|Any CPU
		{8BF35491-6774-4A59-8841-9A01A77EE7C7}.Debug|Any CPU.Build.0 = Debug|Any CPU
		{8BF35491-6774-4A59-8841-9A01A77EE7C7}.Release|Any CPU.ActiveCfg = Release|Any CPU
		{8BF35491-6774-4A59-8841-9A01A77EE7C7}.Release|Any CPU.Build.0 = Release|Any CPU
		{D2458837-FC47-4A01-86DB-296A96292572}.Debug|Any CPU.ActiveCfg = Debug|Any CPU
		{D2458837-FC47-4A01-86DB-296A96292572}.Debug|Any CPU.Build.0 = Debug|Any CPU
		{D2458837-FC47-4A01-86DB-296A96292572}.Release|Any CPU.ActiveCfg = Release|Any CPU
		{D2458837-FC47-4A01-86DB-296A96292572}.Release|Any CPU.Build.0 = Release|Any CPU
	EndGlobalSection
EndGlobal
